
Microsoft Visual Studio Solution File, Format Version 12.00
# Visual Studio Version 16
VisualStudioVersion = 16.0.31515.178
MinimumVisualStudioVersion = 10.0.40219.1
Project("{9A19103F-16F7-4668-BE54-9A1E7A4F7556}") = "employee-manager-desktop", "employee-manager-desktop\employee-manager-desktop.csproj", "{4F1BB683-3FCD-414A-9F7E-E17E6EA28B9B}"
EndProject
Project("{2150E333-8FDC-42A3-9474-1A3956D46DE8}") = "Solution Items", "Solution Items", "{B23A8B77-C00E-4641-9F65-C77BF3953BDB}"
	ProjectSection(SolutionItems) = preProject
		.editorconfig = .editorconfig
	EndProjectSection
EndProject
Project("{FAE04EC0-301F-11D3-BF4B-00C04F79EFBC}") = "ClientRemouting", "ClientRemouting\ClientRemouting.csproj", "{AA55994E-D1CF-4D36-B195-E32C210B7862}"
EndProject
Global
	GlobalSection(SolutionConfigurationPlatforms) = preSolution
		Debug|Any CPU = Debug|Any CPU
		Release|Any CPU = Release|Any CPU
	EndGlobalSection
	GlobalSection(ProjectConfigurationPlatforms) = postSolution
		{4F1BB683-3FCD-414A-9F7E-E17E6EA28B9B}.Debug|Any CPU.ActiveCfg = Debug|Any CPU
		{4F1BB683-3FCD-414A-9F7E-E17E6EA28B9B}.Debug|Any CPU.Build.0 = Debug|Any CPU
		{4F1BB683-3FCD-414A-9F7E-E17E6EA28B9B}.Release|Any CPU.ActiveCfg = Release|Any CPU
		{4F1BB683-3FCD-414A-9F7E-E17E6EA28B9B}.Release|Any CPU.Build.0 = Release|Any CPU
		{AA55994E-D1CF-4D36-B195-E32C210B7862}.Debug|Any CPU.ActiveCfg = Debug|Any CPU
		{AA55994E-D1CF-4D36-B195-E32C210B7862}.Debug|Any CPU.Build.0 = Debug|Any CPU
		{AA55994E-D1CF-4D36-B195-E32C210B7862}.Release|Any CPU.ActiveCfg = Release|Any CPU
		{AA55994E-D1CF-4D36-B195-E32C210B7862}.Release|Any CPU.Build.0 = Release|Any CPU
	EndGlobalSection
	GlobalSection(SolutionProperties) = preSolution
		HideSolutionNode = FALSE
	EndGlobalSection
	GlobalSection(ExtensibilityGlobals) = postSolution
		SolutionGuid = {68734FE3-4D18-4473-AAAE-303556F5CABF}
	EndGlobalSection
EndGlobal
